
Microsoft Visual Studio Solution File, Format Version 12.00
# Visual Studio Version 16
VisualStudioVersion = 16.0.30503.244
MinimumVisualStudioVersion = 10.0.40219.1
Project("{2150E333-8FDC-42A3-9474-1A3956D46DE8}") = "Solution Items", "Solution Items", "{528C9038-7384-4A83-9B26-E9CC67909CFB}"
	ProjectSection(SolutionItems) = preProject
		..\azure-pipelines.yml = ..\azure-pipelines.yml
		version.txt = version.txt
	EndProjectSection
EndProject
Project("{9A19103F-16F7-4668-BE54-9A1E7A4F7556}") = "MDD4All.EAFacade.DataModels.Contracts", "MDD4All.EAFacade.DataModels.Contracts\MDD4All.EAFacade.DataModels.Contracts.csproj", "{0C9D77EC-F68B-43F0-B126-3A8E3253AE7F}"
EndProject
Global
	GlobalSection(SolutionConfigurationPlatforms) = preSolution
		Debug|Any CPU = Debug|Any CPU
		Release|Any CPU = Release|Any CPU
	EndGlobalSection
	GlobalSection(ProjectConfigurationPlatforms) = postSolution
		{0C9D77EC-F68B-43F0-B126-3A8E3253AE7F}.Debug|Any CPU.ActiveCfg = Debug|Any CPU
		{0C9D77EC-F68B-43F0-B126-3A8E3253AE7F}.Debug|Any CPU.Build.0 = Debug|Any CPU
		{0C9D77EC-F68B-43F0-B126-3A8E3253AE7F}.Release|Any CPU.ActiveCfg = Release|Any CPU
		{0C9D77EC-F68B-43F0-B126-3A8E3253AE7F}.Release|Any CPU.Build.0 = Release|Any CPU
	EndGlobalSection
	GlobalSection(SolutionProperties) = preSolution
		HideSolutionNode = FALSE
	EndGlobalSection
	GlobalSection(ExtensibilityGlobals) = postSolution
		SolutionGuid = {D7C2B4CE-3705-407D-9FFF-4E39C4A59ADB}
	EndGlobalSection
EndGlobal
